
Microsoft Visual Studio Solution File, Format Version 12.00
# Visual Studio Version 16
VisualStudioVersion = 16.0.32413.511
MinimumVisualStudioVersion = 10.0.40219.1
Project("{FAE04EC0-301F-11D3-BF4B-00C04F79EFBC}") = "SfdcConnect", "SfdcConnect\SfdcConnect.csproj", "{5D064FC8-DCF4-4408-BA74-47880CCB9813}"
EndProject
Project("{FAE04EC0-301F-11D3-BF4B-00C04F79EFBC}") = "SfdcConnectTests", "SfdcConnectTests\SfdcConnectTests.csproj", "{4C73B5AE-576E-4709-888C-81BE32E2E5E3}"
EndProject
Project("{FAE04EC0-301F-11D3-BF4B-00C04F79EFBC}") = "SfdcConnectExamples", "SfdcConnectExamples\SfdcConnectExamples.csproj", "{2AB8E544-8A6D-4914-8837-C6EBA6342ED6}"
EndProject
Global
	GlobalSection(SolutionConfigurationPlatforms) = preSolution
		Debug|Any CPU = Debug|Any CPU
		Release|Any CPU = Release|Any CPU
	EndGlobalSection
	GlobalSection(ProjectConfigurationPlatforms) = postSolution
		{5D064FC8-DCF4-4408-BA74-47880CCB9813}.Debug|Any CPU.ActiveCfg = Debug|Any CPU
		{5D064FC8-DCF4-4408-BA74-47880CCB9813}.Debug|Any CPU.Build.0 = Debug|Any CPU
		{5D064FC8-DCF4-4408-BA74-47880CCB9813}.Release|Any CPU.ActiveCfg = Release|Any CPU
		{5D064FC8-DCF4-4408-BA74-47880CCB9813}.Release|Any CPU.Build.0 = Release|Any CPU
		{4C73B5AE-576E-4709-888C-81BE32E2E5E3}.Debug|Any CPU.ActiveCfg = Debug|Any CPU
		{4C73B5AE-576E-4709-888C-81BE32E2E5E3}.Debug|Any CPU.Build.0 = Debug|Any CPU
		{4C73B5AE-576E-4709-888C-81BE32E2E5E3}.Release|Any CPU.ActiveCfg = Release|Any CPU
		{4C73B5AE-576E-4709-888C-81BE32E2E5E3}.Release|Any CPU.Build.0 = Release|Any CPU
		{2AB8E544-8A6D-4914-8837-C6EBA6342ED6}.Debug|Any CPU.ActiveCfg = Debug|Any CPU
		{2AB8E544-8A6D-4914-8837-C6EBA6342ED6}.Debug|Any CPU.Build.0 = Debug|Any CPU
		{2AB8E544-8A6D-4914-8837-C6EBA6342ED6}.Release|Any CPU.ActiveCfg = Release|Any CPU
		{2AB8E544-8A6D-4914-8837-C6EBA6342ED6}.Release|Any CPU.Build.0 = Release|Any CPU
	EndGlobalSection
	GlobalSection(SolutionProperties) = preSolution
		HideSolutionNode = FALSE
	EndGlobalSection
	GlobalSection(ExtensibilityGlobals) = postSolution
		SolutionGuid = {856462EA-FC82-479D-8ED6-2806D953E6C0}
	EndGlobalSection
EndGlobal
